PODS:
  - Flutter (1.0.0)
  - flutter_media_player (0.1.0):
    - Flutter

DEPENDENCIES:
  - Flutter (from `Flutter`)
  - flutter_media_player (from `.symlinks/plugins/flutter_media_player/ios`)

EXTERNAL SOURCES:
  Flutter:
    :path: Flutter
  flutter_media_player:
    :path: ".symlinks/plugins/flutter_media_player/ios"

SPEC CHECKSUMS:
  Flutter: cabc95a1d2626b1b06e7179b784ebcf0c0cde467
  flutter_media_player: 2cb6a67e3f8bf56984de8c0e06573184196ebbed

PODFILE CHECKSUM: 3c63482e143d1b91d2d2560aee9fb04ecc74ac7e

COCOAPODS: 1.16.2
